// !$*UTF8*$!
{
	archiveVersion = 1;
	classes = {
	};
	objectVersion = 46;
	objects = {

/* Begin PBXBuildFile section */
		CBD2309A1A4D079200F76BCA /* main.m in Sources */ = {isa = PBXBuildFile; fileRef = CBD230991A4D079200F76BCA /* main.m */; };
		CBD2309D1A4D079200F76BCA /* AppDelegate.m in Sources */ = {isa = PBXBuildFile; fileRef = CBD2309C1A4D079200F76BCA /* AppDelegate.m */; };
		CBD230A01A4D079200F76BCA /* ViewController.m in Sources */ = {isa = PBXBuildFile; fileRef = CBD2309F1A4D079200F76BCA /* ViewController.m */; };
		CBD230A31A4D079200F76BCA /* Main.storyboard in Resources */ = {isa = PBXBuildFile; fileRef = CBD230A11A4D079200F76BCA /* Main.storyboard */; };
		CBD230A51A4D079200F76BCA /* Images.xcassets in Resources */ = {isa = PBXBuildFile; fileRef = CBD230A41A4D079200F76BCA /* Images.xcassets */; };
		CBD230A81A4D079200F76BCA /* LaunchScreen.xib in Resources */ = {isa = PBXBuildFile; fileRef = CBD230A61A4D079200F76BCA /* LaunchScreen.xib */; };
		CBD230B41A4D079200F76BCA /* T2Tests.m in Sources */ = {isa = PBXBuildFile; fileRef = CBD230B31A4D079200F76BCA /* T2Tests.m */; };
		CBD230C01A4D0C1E00F76BCA /* GetAlarmsViewController.m in Sources */ = {isa = PBXBuildFile; fileRef = CBD230BF1A4D0C1E00F76BCA /* GetAlarmsViewController.m */; };
		CBD230C21A4D13A600F76BCA /* alarm.wav in Resources */ = {isa = PBXBuildFile; fileRef = CBD230C11A4D13A600F76BCA /* alarm.wav */; };
/* End PBXBuildFile section */

/* Begin PBXContainerItemProxy section */
		CBD230AE1A4D079200F76BCA /* PBXContainerItemProxy */ = {
			isa = PBXContainerItemProxy;
			containerPortal = CBD2308C1A4D079200F76BCA /* Project object */;
			proxyType = 1;
			remoteGlobalIDString = CBD230931A4D079200F76BCA;
			remoteInfo = T2;
		};
/* End PBXContainerItemProxy section */

/* Begin PBXFileReference section */
		CBD230941A4D079200F76BCA /* T2.app */ = {isa = PBXFileReference; explicitFileType = wrapper.application; includeInIndex = 0; path = T2.app; sourceTree = BUILT_PRODUCTS_DIR; };
		CBD230981A4D079200F76BCA /* Info.plist */ = {isa = PBXFileReference; lastKnownFileType = text.plist.xml; path = Info.plist; sourceTree = "<group>"; };
		CBD230991A4D079200F76BCA /* main.m */ = {isa = PBXFileReference; lastKnownFileType = sourcecode.c.objc; path = main.m; sourceTree = "<group>"; };
		CBD2309B1A4D079200F76BCA /* AppDelegate.h */ = {isa = PBXFileReference; lastKnownFileType = sourcecode.c.h; path = AppDelegate.h; sourceTree = "<group>"; };
		CBD2309C1A4D079200F76BCA /* AppDelegate.m */ = {isa = PBXFileReference; lastKnownFileType = sourcecode.c.objc; path = AppDelegate.m; sourceTree = "<group>"; };
		CBD2309E1A4D079200F76BCA /* ViewController.h */ = {isa = PBXFileReference; lastKnownFileType = sourcecode.c.h; path = ViewController.h; sourceTree = "<group>"; };
		CBD2309F1A4D079200F76BCA /* ViewController.m */ = {isa = PBXFileReference; lastKnownFileType = sourcecode.c.objc; path = ViewController.m; sourceTree = "<group>"; };
		CBD230A21A4D079200F76BCA /* Base */ = {isa = PBXFileReference; lastKnownFileType = file.storyboard; name = Base; path = Base.lproj/Main.storyboard; sourceTree = "<group>"; };
		CBD230A41A4D079200F76BCA /* Images.xcassets */ = {isa = PBXFileReference; lastKnownFileType = folder.assetcatalog; path = Images.xcassets; sourceTree = "<group>"; };
		CBD230A71A4D079200F76BCA /* Base */ = {isa = PBXFileReference; lastKnownFileType = file.xib; name = Base; path = Base.lproj/LaunchScreen.xib; sourceTree = "<group>"; };
		CBD230AD1A4D079200F76BCA /* T2Tests.xctest */ = {isa = PBXFileReference; explicitFileType = wrapper.cfbundle; includeInIndex = 0; path = T2Tests.xctest; sourceTree = BUILT_PRODUCTS_DIR; };
		CBD230B21A4D079200F76BCA /* Info.plist */ = {isa = PBXFileReference; lastKnownFileType = text.plist.xml; path = Info.plist; sourceTree = "<group>"; };
		CBD230B31A4D079200F76BCA /* T2Tests.m */ = {isa = PBXFileReference; lastKnownFileType = sourcecode.c.objc; path = T2Tests.m; sourceTree = "<group>"; };
		CBD230BE1A4D0C1E00F76BCA /* GetAlarmsViewController.h */ = {isa = PBXFileReference; fileEncoding = 4; lastKnownFileType = sourcecode.c.h; path = GetAlarmsViewController.h; sourceTree = "<group>"; };
		CBD230BF1A4D0C1E00F76BCA /* GetAlarmsViewController.m */ = {isa = PBXFileReference; fileEncoding = 4; lastKnownFileType = sourcecode.c.objc; path = GetAlarmsViewController.m; sourceTree = "<group>"; };
		CBD230C11A4D13A600F76BCA /* alarm.wav */ = {isa = PBXFileReference; lastKnownFileType = audio.wav; path = alarm.wav; sourceTree = "<group>"; };
/* End PBXFileReference section */

/* Begin PBXFrameworksBuildPhase section */
		CBD230911A4D079200F76BCA /* Frameworks */ = {
			isa = PBXFrameworksBuildPhase;
			buildActionMask = 2147483647;
			files = (
			);
			runOnlyForDeploymentPostprocessing = 0;
		};
		CBD230AA1A4D079200F76BCA /* Frameworks */ = {
			isa = PBXFrameworksBuildPhase;
			buildActionMask = 2147483647;
			files = (
			);
			runOnlyForDeploymentPostprocessing = 0;
		};
/* End PBXFrameworksBuildPhase section */

/* Begin PBXGroup section */
		CBD2308B1A4D079200F76BCA = {
			isa = PBXGroup;
			children = (
				CBD230961A4D079200F76BCA /* T2 */,
				CBD230B01A4D079200F76BCA /* T2Tests */,
				CBD230951A4D079200F76BCA /* Products */,
			);
			sourceTree = "<group>";
		};
		CBD230951A4D079200F76BCA /* Products */ = {
			isa = PBXGroup;
			children = (
				CBD230941A4D079200F76BCA /* T2.app */,
				CBD230AD1A4D079200F76BCA /* T2Tests.xctest */,
			);
			name = Products;
			sourceTree = "<group>";
		};
		CBD230961A4D079200F76BCA /* T2 */ = {
			isa = PBXGroup;
			children = (
				CBD2309B1A4D079200F76BCA /* AppDelegate.h */,
				CBD2309C1A4D079200F76BCA /* AppDelegate.m */,
				CBD2309E1A4D079200F76BCA /* ViewController.h */,
				CBD2309F1A4D079200F76BCA /* ViewController.m */,
				CBD230BE1A4D0C1E00F76BCA /* GetAlarmsViewController.h */,
				CBD230BF1A4D0C1E00F76BCA /* GetAlarmsViewController.m */,
				CBD230A11A4D079200F76BCA /* Main.storyboard */,
				CBD230C11A4D13A600F76BCA /* alarm.wav */,
				CBD230A41A4D079200F76BCA /* Images.xcassets */,
				CBD230A61A4D079200F76BCA /* LaunchScreen.xib */,
				CBD230971A4D079200F76BCA /* Supporting Files */,
			);
			path = T2;
			sourceTree = "<group>";
		};
		CBD230971A4D079200F76BCA /* Supporting Files */ = {
			isa = PBXGroup;
			children = (
				CBD230981A4D079200F76BCA /* Info.plist */,
				CBD230991A4D079200F76BCA /* main.m */,
			);
			name = "Supporting Files";
			sourceTree = "<group>";
		};
		CBD230B01A4D079200F76BCA /* T2Tests */ = {
			isa = PBXGroup;
			children = (
				CBD230B31A4D079200F76BCA /* T2Tests.m */,
				CBD230B11A4D079200F76BCA /* Supporting Files */,
			);
			path = T2Tests;
			sourceTree = "<group>";
		};
		CBD230B11A4D079200F76BCA /* Supporting Files */ = {
			isa = PBXGroup;
			children = (
				CBD230B21A4D079200F76BCA /* Info.plist */,
			);
			name = "Supporting Files";
			sourceTree = "<group>";
		};
/* End PBXGroup section */

/* Begin PBXNativeTarget section */
		CBD230931A4D079200F76BCA /* T2 */ = {
			isa = PBXNativeTarget;
			buildConfigurationList = CBD230B71A4D079200F76BCA /* Build configuration list for PBXNativeTarget "T2" */;
			buildPhases = (
				CBD230901A4D079200F76BCA /* Sources */,
				CBD230911A4D079200F76BCA /* Frameworks */,
				CBD230921A4D079200F76BCA /* Resources */,
			);
			buildRules = (
			);
			dependencies = (
			);
			name = T2;
			productName = T2;
			productReference = CBD230941A4D079200F76BCA /* T2.app */;
			productType = "com.apple.product-type.application";
		};
		CBD230AC1A4D079200F76BCA /* T2Tests */ = {
			isa = PBXNativeTarget;
			buildConfigurationList = CBD230BA1A4D079200F76BCA /* Build configuration list for PBXNativeTarget "T2Tests" */;
			buildPhases = (
				CBD230A91A4D079200F76BCA /* Sources */,
				CBD230AA1A4D079200F76BCA /* Frameworks */,
				CBD230AB1A4D079200F76BCA /* Resources */,
			);
			buildRules = (
			);
			dependencies = (
				CBD230AF1A4D079200F76BCA /* PBXTargetDependency */,
			);
			name = T2Tests;
			productName = T2Tests;
			productReference = CBD230AD1A4D079200F76BCA /* T2Tests.xctest */;
			productType = "com.apple.product-type.bundle.unit-test";
		};
/* End PBXNativeTarget section */

/* Begin PBXProject section */
		CBD2308C1A4D079200F76BCA /* Project object */ = {
			isa = PBXProject;
			attributes = {
				LastUpgradeCheck = 0610;
				ORGANIZATIONNAME = Brammanand;
				TargetAttributes = {
					CBD230931A4D079200F76BCA = {
						CreatedOnToolsVersion = 6.1;
					};
					CBD230AC1A4D079200F76BCA = {
						CreatedOnToolsVersion = 6.1;
						TestTargetID = CBD230931A4D079200F76BCA;
					};
				};
			};
			buildConfigurationList = CBD2308F1A4D079200F76BCA /* Build configuration list for PBXProject "T2" */;
			compatibilityVersion = "Xcode 3.2";
			developmentRegion = English;
			hasScannedForEncodings = 0;
			knownRegions = (
				en,
				Base,
			);
			mainGroup = CBD2308B1A4D079200F76BCA;
			productRefGroup = CBD230951A4D079200F76BCA /* Products */;
			projectDirPath = "";
			projectRoot = "";
			targets = (
				CBD230931A4D079200F76BCA /* T2 */,
				CBD230AC1A4D079200F76BCA /* T2Tests */,
			);
		};
/* End PBXProject section */

/* Begin PBXResourcesBuildPhase section */
		CBD230921A4D079200F76BCA /* Resources */ = {
			isa = PBXResourcesBuildPhase;
			buildActionMask = 2147483647;
			files = (
				CBD230A31A4D079200F76BCA /* Main.storyboard in Resources */,
				CBD230A81A4D079200F76BCA /* LaunchScreen.xib in Resources */,
				CBD230C21A4D13A600F76BCA /* alarm.wav in Resources */,
				CBD230A51A4D079200F76BCA /* Images.xcassets in Resources */,
			);
			runOnlyForDeploymentPostprocessing = 0;
		};
		CBD230AB1A4D079200F76BCA /* Resources */ = {
			isa = PBXResourcesBuildPhase;
			buildActionMask = 2147483647;
			files = (
			);
			runOnlyForDeploymentPostprocessing = 0;
		};
/* End PBXResourcesBuildPhase section */

/* Begin PBXSourcesBuildPhase section */
		CBD230901A4D079200F76BCA /* Sources */ = {
			isa = PBXSourcesBuildPhase;
			buildActionMask = 2147483647;
			files = (
				CBD230A01A4D079200F76BCA /* ViewController.m in Sources */,
				CBD2309D1A4D079200F76BCA /* AppDelegate.m in Sources */,
				CBD2309A1A4D079200F76BCA /* main.m in Sources */,
				CBD230C01A4D0C1E00F76BCA /* GetAlarmsViewController.m in Sources */,
			);
			runOnlyForDeploymentPostprocessing = 0;
		};
		CBD230A91A4D079200F76BCA /* Sources */ = {
			isa = PBXSourcesBuildPhase;
			buildActionMask = 2147483647;
			files = (
				CBD230B41A4D079200F76BCA /* T2Tests.m in Sources */,
			);
			runOnlyForDeploymentPostprocessing = 0;
		};
/* End PBXSourcesBuildPhase section */

/* Begin PBXTargetDependency section */
		CBD230AF1A4D079200F76BCA /* PBXTargetDependency */ = {
			isa = PBXTargetDependency;
			target = CBD230931A4D079200F76BCA /* T2 */;
			targetProxy = CBD230AE1A4D079200F76BCA /* PBXContainerItemProxy */;
		};
/* End PBXTargetDependency section */

/* Begin PBXVariantGroup section */
		CBD230A11A4D079200F76BCA /* Main.storyboard */ = {
			isa = PBXVariantGroup;
			children = (
				CBD230A21A4D079200F76BCA /* Base */,
			);
			name = Main.storyboard;
			sourceTree = "<group>";
		};
		CBD230A61A4D079200F76BCA /* LaunchScreen.xib */ = {
			isa = PBXVariantGroup;
			children = (
				CBD230A71A4D079200F76BCA /* Base */,
			);
			name = LaunchScreen.xib;
			sourceTree = "<group>";
		};
/* End PBXVariantGroup section */

/* Begin XCBuildConfiguration section */
		CBD230B51A4D079200F76BCA /* Debug */ = {
			isa = XCBuildConfiguration;
			buildSettings = {
				ALWAYS_SEARCH_USER_PATHS = NO;
				CLANG_CXX_LANGUAGE_STANDARD = "gnu++0x";
				CLANG_CXX_LIBRARY = "libc++";
				CLANG_ENABLE_MODULES = YES;
				CLANG_ENABLE_OBJC_ARC = YES;
				CLANG_WARN_BOOL_CONVERSION = YES;
				CLANG_WARN_CONSTANT_CONVERSION = YES;
				CLANG_WARN_DIRECT_OBJC_ISA_USAGE = YES_ERROR;
				CLANG_WARN_EMPTY_BODY = YES;
				CLANG_WARN_ENUM_CONVERSION = YES;
				CLANG_WARN_INT_CONVERSION = YES;
				CLANG_WARN_OBJC_ROOT_CLASS = YES_ERROR;
				CLANG_WARN_UNREACHABLE_CODE = YES;
				CLANG_WARN__DUPLICATE_METHOD_MATCH = YES;
				"CODE_SIGN_IDENTITY[sdk=iphoneos*]" = "iPhone Developer";
				COPY_PHASE_STRIP = NO;
				ENABLE_STRICT_OBJC_MSGSEND = YES;
				GCC_C_LANGUAGE_STANDARD = gnu99;
				GCC_DYNAMIC_NO_PIC = NO;
				GCC_OPTIMIZATION_LEVEL = 0;
				GCC_PREPROCESSOR_DEFINITIONS = (
					"DEBUG=1",
					"$(inherited)",
				);
				GCC_SYMBOLS_PRIVATE_EXTERN = NO;
				GCC_WARN_64_TO_32_BIT_CONVERSION = YES;
				GCC_WARN_ABOUT_RETURN_TYPE = YES_ERROR;
				GCC_WARN_UNDECLARED_SELECTOR = YES;
				GCC_WARN_UNINITIALIZED_AUTOS = YES_AGGRESSIVE;
				GCC_WARN_UNUSED_FUNCTION = YES;
				GCC_WARN_UNUSED_VARIABLE = YES;
				IPHONEOS_DEPLOYMENT_TARGET = 8.1;
				MTL_ENABLE_DEBUG_INFO = YES;
				ONLY_ACTIVE_ARCH = YES;
				SDKROOT = iphoneos;
			};
			name = Debug;
		};
		CBD230B61A4D079200F76BCA /* Release */ = {
			isa = XCBuildConfiguration;
			buildSettings = {
				ALWAYS_SEARCH_USER_PATHS = NO;
				CLANG_CXX_LANGUAGE_STANDARD = "gnu++0x";
				CLANG_CXX_LIBRARY = "libc++";
				CLANG_ENABLE_MODULES = YES;
				CLANG_ENABLE_OBJC_ARC = YES;
				CLANG_WARN_BOOL_CONVERSION = YES;
				CLANG_WARN_CONSTANT_CONVERSION = YES;
				CLANG_WARN_DIRECT_OBJC_ISA_USAGE = YES_ERROR;
				CLANG_WARN_EMPTY_BODY = YES;
				CLANG_WARN_ENUM_CONVERSION = YES;
				CLANG_WARN_INT_CONVERSION = YES;
				CLANG_WARN_OBJC_ROOT_CLASS = YES_ERROR;
				CLANG_WARN_UNREACHABLE_CODE = YES;
				CLANG_WARN__DUPLICATE_METHOD_MATCH = YES;
				"CODE_SIGN_IDENTITY[sdk=iphoneos*]" = "iPhone Developer";
				COPY_PHASE_STRIP = YES;
				ENABLE_NS_ASSERTIONS = NO;
				ENABLE_STRICT_OBJC_MSGSEND = YES;
				GCC_C_LANGUAGE_STANDARD = gnu99;
				GCC_WARN_64_TO_32_BIT_CONVERSION = YES;
				GCC_WARN_ABOUT_RETURN_TYPE = YES_ERROR;
				GCC_WARN_UNDECLARED_SELECTOR = YES;
				GCC_WARN_UNINITIALIZED_AUTOS = YES_AGGRESSIVE;
				GCC_WARN_UNUSED_FUNCTION = YES;
				GCC_WARN_UNUSED_VARIABLE = YES;
				IPHONEOS_DEPLOYMENT_TARGET = 8.1;
				MTL_ENABLE_DEBUG_INFO = NO;
				SDKROOT = iphoneos;
				VALIDATE_PRODUCT = YES;
			};
			name = Release;
		};
		CBD230B81A4D079200F76BCA /* Debug */ = {
			isa = XCBuildConfiguration;
			buildSettings = {
				ASSETCATALOG_COMPILER_APPICON_NAME = AppIcon;
				CODE_SIGN_IDENTITY = "iPhone Developer: santhosh shamanna (BF3LHX8VL5)";
				INFOPLIST_FILE = T2/Info.plist;
				IPHONEOS_DEPLOYMENT_TARGET = 7.0;
				LD_RUNPATH_SEARCH_PATHS = "$(inherited) @executable_path/Frameworks";
				PRODUCT_NAME = "$(TARGET_NAME)";
				PROVISIONING_PROFILE = "f2ca3939-1f13-4e63-a357-9e1ec56d602b";
			};
			name = Debug;
		};
		CBD230B91A4D079200F76BCA /* Release */ = {
			isa = XCBuildConfiguration;
			buildSettings = {
				ASSETCATALOG_COMPILER_APPICON_NAME = AppIcon;
				CODE_SIGN_IDENTITY = "iPhone Developer: santhosh shamanna (BF3LHX8VL5)";
				INFOPLIST_FILE = T2/Info.plist;
				IPHONEOS_DEPLOYMENT_TARGET = 7.0;
				LD_RUNPATH_SEARCH_PATHS = "$(inherited) @executable_path/Frameworks";
				PRODUCT_NAME = "$(TARGET_NAME)";
				PROVISIONING_PROFILE = "f2ca3939-1f13-4e63-a357-9e1ec56d602b";
			};
			name = Release;
		};
		CBD230BB1A4D079200F76BCA /* Debug */ = {
			isa = XCBuildConfiguration;
			buildSettings = {
				BUNDLE_LOADER = "$(TEST_HOST)";
				FRAMEWORK_SEARCH_PATHS = (
					"$(SDKROOT)/Developer/Library/Frameworks",
					"$(inherited)",
				);
				GCC_PREPROCESSOR_DEFINITIONS = (
					"DEBUG=1",
					"$(inherited)",
				);
				INFOPLIST_FILE = T2Tests/Info.plist;
				LD_RUNPATH_SEARCH_PATHS = "$(inherited) @executable_path/Frameworks @loader_path/Frameworks";
				PRODUCT_NAME = "$(TARGET_NAME)";
				TEST_HOST = "$(BUILT_PRODUCTS_DIR)/T2.app/T2";
			};
			name = Debug;
		};
		CBD230BC1A4D079200F76BCA /* Release */ = {
			isa = XCBuildConfiguration;
			buildSettings = {
				BUNDLE_LOADER = "$(TEST_HOST)";
				FRAMEWORK_SEARCH_PATHS = (
					"$(SDKROOT)/Developer/Library/Frameworks",
					"$(inherited)",
				);
				INFOPLIST_FILE = T2Tests/Info.plist;
				LD_RUNPATH_SEARCH_PATHS = "$(inherited) @executable_path/Frameworks @loader_path/Frameworks";
				PRODUCT_NAME = "$(TARGET_NAME)";
				TEST_HOST = "$(BUILT_PRODUCTS_DIR)/T2.app/T2";
			};
			name = Release;
		};
/* End XCBuildConfiguration section */

/* Begin XCConfigurationList section */
		CBD2308F1A4D079200F76BCA /* Build configuration list for PBXProject "T2" */ = {
			isa = XCConfigurationList;
			buildConfigurations = (
				CBD230B51A4D079200F76BCA /* Debug */,
				CBD230B61A4D079200F76BCA /* Release */,
			);
			defaultConfigurationIsVisible = 0;
			defaultConfigurationName = Release;
		};
		CBD230B71A4D079200F76BCA /* Build configuration list for PBXNativeTarget "T2" */ = {
			isa = XCConfigurationList;
			buildConfigurations = (
				CBD230B81A4D079200F76BCA /* Debug */,
				CBD230B91A4D079200F76BCA /* Release */,
			);
			defaultConfigurationIsVisible = 0;
		};
		CBD230BA1A4D079200F76BCA /* Build configuration list for PBXNativeTarget "T2Tests" */ = {
			isa = XCConfigurationList;
			buildConfigurations = (
				CBD230BB1A4D079200F76BCA /* Debug */,
				CBD230BC1A4D079200F76BCA /* Release */,
			);
			defaultConfigurationIsVisible = 0;
		};
/* End XCConfigurationList section */
	};
	rootObject = CBD2308C1A4D079200F76BCA /* Project object */;
}
